
Microsoft Visual Studio Solution File, Format Version 12.00
# Visual Studio Version 16
VisualStudioVersion = 16.0.30413.136
MinimumVisualStudioVersion = 10.0.40219.1
Project("{8BC9CEB8-8B4A-11D0-8D11-00A0C91BC942}") = "HW-week4 1", "HW-week4 1\HW-week4 1.vcxproj", "{4977CC16-DCEA-488D-B9CE-2BD99F254030}"
EndProject
Global
	GlobalSection(SolutionConfigurationPlatforms) = preSolution
		Debug|x64 = Debug|x64
		Debug|x86 = Debug|x86
		Release|x64 = Release|x64
		Release|x86 = Release|x86
	EndGlobalSection
	GlobalSection(ProjectConfigurationPlatforms) = postSolution
		{4977CC16-DCEA-488D-B9CE-2BD99F254030}.Debug|x64.ActiveCfg = Debug|x64
		{4977CC16-DCEA-488D-B9CE-2BD99F254030}.Debug|x64.Build.0 = Debug|x64
		{4977CC16-DCEA-488D-B9CE-2BD99F254030}.Debug|x86.ActiveCfg = Debug|Win32
		{4977CC16-DCEA-488D-B9CE-2BD99F254030}.Debug|x86.Build.0 = Debug|Win32
		{4977CC16-DCEA-488D-B9CE-2BD99F254030}.Release|x64.ActiveCfg = Release|x64
		{4977CC16-DCEA-488D-B9CE-2BD99F254030}.Release|x64.Build.0 = Release|x64
		{4977CC16-DCEA-488D-B9CE-2BD99F254030}.Release|x86.ActiveCfg = Release|Win32
		{4977CC16-DCEA-488D-B9CE-2BD99F254030}.Release|x86.Build.0 = Release|Win32
	EndGlobalSection
	GlobalSection(SolutionProperties) = preSolution
		HideSolutionNode = FALSE
	EndGlobalSection
	GlobalSection(ExtensibilityGlobals) = postSolution
		SolutionGuid = {E8990C03-B174-4727-BBB0-FFF900EC9B99}
	EndGlobalSection
EndGlobal
